
Microsoft Visual Studio Solution File, Format Version 12.00
# Visual Studio Version 16
VisualStudioVersion = 16.0.29905.134
MinimumVisualStudioVersion = 10.0.40219.1
Project("{FAE04EC0-301F-11D3-BF4B-00C04F79EFBC}") = "signalrApp", "signalrApp\signalrApp.csproj", "{C5D47413-986A-41C7-B807-C669A1157968}"
EndProject
Global
	GlobalSection(SolutionConfigurationPlatforms) = preSolution
		Debug|Any CPU = Debug|Any CPU
		Release|Any CPU = Release|Any CPU
	EndGlobalSection
	GlobalSection(ProjectConfigurationPlatforms) = postSolution
		{C5D47413-986A-41C7-B807-C669A1157968}.Debug|Any CPU.ActiveCfg = Debug|Any CPU
		{C5D47413-986A-41C7-B807-C669A1157968}.Debug|Any CPU.Build.0 = Debug|Any CPU
		{C5D47413-986A-41C7-B807-C669A1157968}.Release|Any CPU.ActiveCfg = Release|Any CPU
		{C5D47413-986A-41C7-B807-C669A1157968}.Release|Any CPU.Build.0 = Release|Any CPU
	EndGlobalSection
	GlobalSection(SolutionProperties) = preSolution
		HideSolutionNode = FALSE
	EndGlobalSection
	GlobalSection(ExtensibilityGlobals) = postSolution
		SolutionGuid = {771A3292-A52C-40F9-92E9-0F99983BF3D7}
	EndGlobalSection
EndGlobal
